// !$*UTF8*$!
{
	archiveVersion = 1;
	classes = {
	};
	objectVersion = 50;
	objects = {

/* Begin PBXBuildFile section */
		0265545426384FF2003C6F64 /* AppDelegate.swift in Sources */ = {isa = PBXBuildFile; fileRef = 0265545326384FF2003C6F64 /* AppDelegate.swift */; };
		0265545626384FF2003C6F64 /* SceneDelegate.swift in Sources */ = {isa = PBXBuildFile; fileRef = 0265545526384FF2003C6F64 /* SceneDelegate.swift */; };
		0265545826384FF2003C6F64 /* NotesViewController.swift in Sources */ = {isa = PBXBuildFile; fileRef = 0265545726384FF2003C6F64 /* NotesViewController.swift */; };
		0265545D26384FF6003C6F64 /* Assets.xcassets in Resources */ = {isa = PBXBuildFile; fileRef = 0265545C26384FF6003C6F64 /* Assets.xcassets */; };
		0265546026384FF6003C6F64 /* LaunchScreen.storyboard in Resources */ = {isa = PBXBuildFile; fileRef = 0265545E26384FF6003C6F64 /* LaunchScreen.storyboard */; };
		0265546A2638502C003C6F64 /* NoteEditViewController.swift in Sources */ = {isa = PBXBuildFile; fileRef = 026554692638502C003C6F64 /* NoteEditViewController.swift */; };
		02655471263855DB003C6F64 /* NoteCell.swift in Sources */ = {isa = PBXBuildFile; fileRef = 02655470263855DB003C6F64 /* NoteCell.swift */; };
		02655474263855F1003C6F64 /* NoteDataSource.swift in Sources */ = {isa = PBXBuildFile; fileRef = 02655473263855F1003C6F64 /* NoteDataSource.swift */; };
/* End PBXBuildFile section */

/* Begin PBXFileReference section */
		0265545026384FF2003C6F64 /* Swifty Notes.app */ = {isa = PBXFileReference; explicitFileType = wrapper.application; includeInIndex = 0; path = "Swifty Notes.app"; sourceTree = BUILT_PRODUCTS_DIR; };
		0265545326384FF2003C6F64 /* AppDelegate.swift */ = {isa = PBXFileReference; lastKnownFileType = sourcecode.swift; path = AppDelegate.swift; sourceTree = "<group>"; };
		0265545526384FF2003C6F64 /* SceneDelegate.swift */ = {isa = PBXFileReference; lastKnownFileType = sourcecode.swift; path = SceneDelegate.swift; sourceTree = "<group>"; };
		0265545726384FF2003C6F64 /* NotesViewController.swift */ = {isa = PBXFileReference; lastKnownFileType = sourcecode.swift; path = NotesViewController.swift; sourceTree = "<group>"; };
		0265545C26384FF6003C6F64 /* Assets.xcassets */ = {isa = PBXFileReference; lastKnownFileType = folder.assetcatalog; path = Assets.xcassets; sourceTree = "<group>"; };
		0265545F26384FF6003C6F64 /* Base */ = {isa = PBXFileReference; lastKnownFileType = file.storyboard; name = Base; path = Base.lproj/LaunchScreen.storyboard; sourceTree = "<group>"; };
		0265546126384FF6003C6F64 /* Info.plist */ = {isa = PBXFileReference; lastKnownFileType = text.plist.xml; path = Info.plist; sourceTree = "<group>"; };
		026554692638502C003C6F64 /* NoteEditViewController.swift */ = {isa = PBXFileReference; lastKnownFileType = sourcecode.swift; path = NoteEditViewController.swift; sourceTree = "<group>"; };
		02655470263855DB003C6F64 /* NoteCell.swift */ = {isa = PBXFileReference; lastKnownFileType = sourcecode.swift; path = NoteCell.swift; sourceTree = "<group>"; };
		02655473263855F1003C6F64 /* NoteDataSource.swift */ = {isa = PBXFileReference; lastKnownFileType = sourcecode.swift; path = NoteDataSource.swift; sourceTree = "<group>"; };
/* End PBXFileReference section */

/* Begin PBXFrameworksBuildPhase section */
		0265544D26384FF2003C6F64 /* Frameworks */ = {
			isa = PBXFrameworksBuildPhase;
			buildActionMask = 2147483647;
			files = (
			);
			runOnlyForDeploymentPostprocessing = 0;
		};
/* End PBXFrameworksBuildPhase section */

/* Begin PBXGroup section */
		0265544726384FF2003C6F64 = {
			isa = PBXGroup;
			children = (
				0265545226384FF2003C6F64 /* Swifty Notes */,
				0265545126384FF2003C6F64 /* Products */,
			);
			sourceTree = "<group>";
		};
		0265545126384FF2003C6F64 /* Products */ = {
			isa = PBXGroup;
			children = (
				0265545026384FF2003C6F64 /* Swifty Notes.app */,
			);
			name = Products;
			sourceTree = "<group>";
		};
		0265545226384FF2003C6F64 /* Swifty Notes */ = {
			isa = PBXGroup;
			children = (
				0265545326384FF2003C6F64 /* AppDelegate.swift */,
				0265545526384FF2003C6F64 /* SceneDelegate.swift */,
				0265545726384FF2003C6F64 /* NotesViewController.swift */,
				026554692638502C003C6F64 /* NoteEditViewController.swift */,
				02655470263855DB003C6F64 /* NoteCell.swift */,
				02655473263855F1003C6F64 /* NoteDataSource.swift */,
				0265545C26384FF6003C6F64 /* Assets.xcassets */,
				0265545E26384FF6003C6F64 /* LaunchScreen.storyboard */,
				0265546126384FF6003C6F64 /* Info.plist */,
			);
			path = "Swifty Notes";
			sourceTree = "<group>";
		};
/* End PBXGroup section */

/* Begin PBXNativeTarget section */
		0265544F26384FF2003C6F64 /* Swifty Notes */ = {
			isa = PBXNativeTarget;
			buildConfigurationList = 0265546426384FF6003C6F64 /* Build configuration list for PBXNativeTarget "Swifty Notes" */;
			buildPhases = (
				0265544C26384FF2003C6F64 /* Sources */,
				0265544D26384FF2003C6F64 /* Frameworks */,
				0265544E26384FF2003C6F64 /* Resources */,
			);
			buildRules = (
			);
			dependencies = (
			);
			name = "Swifty Notes";
			productName = "Swifty Notes";
			productReference = 0265545026384FF2003C6F64 /* Swifty Notes.app */;
			productType = "com.apple.product-type.application";
		};
/* End PBXNativeTarget section */

/* Begin PBXProject section */
		0265544826384FF2003C6F64 /* Project object */ = {
			isa = PBXProject;
			attributes = {
				LastSwiftUpdateCheck = 1240;
				LastUpgradeCheck = 1240;
				TargetAttributes = {
					0265544F26384FF2003C6F64 = {
						CreatedOnToolsVersion = 12.4;
					};
				};
			};
			buildConfigurationList = 0265544B26384FF2003C6F64 /* Build configuration list for PBXProject "Swifty Notes" */;
			compatibilityVersion = "Xcode 9.3";
			developmentRegion = en;
			hasScannedForEncodings = 0;
			knownRegions = (
				en,
				Base,
			);
			mainGroup = 0265544726384FF2003C6F64;
			productRefGroup = 0265545126384FF2003C6F64 /* Products */;
			projectDirPath = "";
			projectRoot = "";
			targets = (
				0265544F26384FF2003C6F64 /* Swifty Notes */,
			);
		};
/* End PBXProject section */

/* Begin PBXResourcesBuildPhase section */
		0265544E26384FF2003C6F64 /* Resources */ = {
			isa = PBXResourcesBuildPhase;
			buildActionMask = 2147483647;
			files = (
				0265546026384FF6003C6F64 /* LaunchScreen.storyboard in Resources */,
				0265545D26384FF6003C6F64 /* Assets.xcassets in Resources */,
			);
			runOnlyForDeploymentPostprocessing = 0;
		};
/* End PBXResourcesBuildPhase section */

/* Begin PBXSourcesBuildPhase section */
		0265544C26384FF2003C6F64 /* Sources */ = {
			isa = PBXSourcesBuildPhase;
			buildActionMask = 2147483647;
			files = (
				02655474263855F1003C6F64 /* NoteDataSource.swift in Sources */,
				0265545826384FF2003C6F64 /* NotesViewController.swift in Sources */,
				0265545426384FF2003C6F64 /* AppDelegate.swift in Sources */,
				02655471263855DB003C6F64 /* NoteCell.swift in Sources */,
				0265546A2638502C003C6F64 /* NoteEditViewController.swift in Sources */,
				0265545626384FF2003C6F64 /* SceneDelegate.swift in Sources */,
			);
			runOnlyForDeploymentPostprocessing = 0;
		};
/* End PBXSourcesBuildPhase section */

/* Begin PBXVariantGroup section */
		0265545E26384FF6003C6F64 /* LaunchScreen.storyboard */ = {
			isa = PBXVariantGroup;
			children = (
				0265545F26384FF6003C6F64 /* Base */,
			);
			name = LaunchScreen.storyboard;
			sourceTree = "<group>";
		};
/* End PBXVariantGroup section */

/* Begin XCBuildConfiguration section */
		0265546226384FF6003C6F64 /* Debug */ = {
			isa = XCBuildConfiguration;
			buildSettings = {
				ALWAYS_SEARCH_USER_PATHS = NO;
				CLANG_ANALYZER_NONNULL = YES;
				CLANG_ANALYZER_NUMBER_OBJECT_CONVERSION = YES_AGGRESSIVE;
				CLANG_CXX_LANGUAGE_STANDARD = "gnu++14";
				CLANG_CXX_LIBRARY = "libc++";
				CLANG_ENABLE_MODULES = YES;
				CLANG_ENABLE_OBJC_ARC = YES;
				CLANG_ENABLE_OBJC_WEAK = YES;
				CLANG_WARN_BLOCK_CAPTURE_AUTORELEASING = YES;
				CLANG_WARN_BOOL_CONVERSION = YES;
				CLANG_WARN_COMMA = YES;
				CLANG_WARN_CONSTANT_CONVERSION = YES;
				CLANG_WARN_DEPRECATED_OBJC_IMPLEMENTATIONS = YES;
				CLANG_WARN_DIRECT_OBJC_ISA_USAGE = YES_ERROR;
				CLANG_WARN_DOCUMENTATION_COMMENTS = YES;
				CLANG_WARN_EMPTY_BODY = YES;
				CLANG_WARN_ENUM_CONVERSION = YES;
				CLANG_WARN_INFINITE_RECURSION = YES;
				CLANG_WARN_INT_CONVERSION = YES;
				CLANG_WARN_NON_LITERAL_NULL_CONVERSION = YES;
				CLANG_WARN_OBJC_IMPLICIT_RETAIN_SELF = YES;
				CLANG_WARN_OBJC_LITERAL_CONVERSION = YES;
				CLANG_WARN_OBJC_ROOT_CLASS = YES_ERROR;
				CLANG_WARN_QUOTED_INCLUDE_IN_FRAMEWORK_HEADER = YES;
				CLANG_WARN_RANGE_LOOP_ANALYSIS = YES;
				CLANG_WARN_STRICT_PROTOTYPES = YES;
				CLANG_WARN_SUSPICIOUS_MOVE = YES;
				CLANG_WARN_UNGUARDED_AVAILABILITY = YES_AGGRESSIVE;
				CLANG_WARN_UNREACHABLE_CODE = YES;
				CLANG_WARN__DUPLICATE_METHOD_MATCH = YES;
				COPY_PHASE_STRIP = NO;
				DEBUG_INFORMATION_FORMAT = dwarf;
				ENABLE_STRICT_OBJC_MSGSEND = YES;
				ENABLE_TESTABILITY = YES;
				GCC_C_LANGUAGE_STANDARD = gnu11;
				GCC_DYNAMIC_NO_PIC = NO;
				GCC_NO_COMMON_BLOCKS = YES;
				GCC_OPTIMIZATION_LEVEL = 0;
				GCC_PREPROCESSOR_DEFINITIONS = (
					"DEBUG=1",
					"$(inherited)",
				);
				GCC_WARN_64_TO_32_BIT_CONVERSION = YES;
				GCC_WARN_ABOUT_RETURN_TYPE = YES_ERROR;
				GCC_WARN_UNDECLARED_SELECTOR = YES;
				GCC_WARN_UNINITIALIZED_AUTOS = YES_AGGRESSIVE;
				GCC_WARN_UNUSED_FUNCTION = YES;
				GCC_WARN_UNUSED_VARIABLE = YES;
				IPHONEOS_DEPLOYMENT_TARGET = 14.4;
				MTL_ENABLE_DEBUG_INFO = INCLUDE_SOURCE;
				MTL_FAST_MATH = YES;
				ONLY_ACTIVE_ARCH = YES;
				SDKROOT = iphoneos;
				SWIFT_ACTIVE_COMPILATION_CONDITIONS = DEBUG;
				SWIFT_OPTIMIZATION_LEVEL = "-Onone";
			};
			name = Debug;
		};
		0265546326384FF6003C6F64 /* Release */ = {
			isa = XCBuildConfiguration;
			buildSettings = {
				ALWAYS_SEARCH_USER_PATHS = NO;
				CLANG_ANALYZER_NONNULL = YES;
				CLANG_ANALYZER_NUMBER_OBJECT_CONVERSION = YES_AGGRESSIVE;
				CLANG_CXX_LANGUAGE_STANDARD = "gnu++14";
				CLANG_CXX_LIBRARY = "libc++";
				CLANG_ENABLE_MODULES = YES;
				CLANG_ENABLE_OBJC_ARC = YES;
				CLANG_ENABLE_OBJC_WEAK = YES;
				CLANG_WARN_BLOCK_CAPTURE_AUTORELEASING = YES;
				CLANG_WARN_BOOL_CONVERSION = YES;
				CLANG_WARN_COMMA = YES;
				CLANG_WARN_CONSTANT_CONVERSION = YES;
				CLANG_WARN_DEPRECATED_OBJC_IMPLEMENTATIONS = YES;
				CLANG_WARN_DIRECT_OBJC_ISA_USAGE = YES_ERROR;
				CLANG_WARN_DOCUMENTATION_COMMENTS = YES;
				CLANG_WARN_EMPTY_BODY = YES;
				CLANG_WARN_ENUM_CONVERSION = YES;
				CLANG_WARN_INFINITE_RECURSION = YES;
				CLANG_WARN_INT_CONVERSION = YES;
				CLANG_WARN_NON_LITERAL_NULL_CONVERSION = YES;
				CLANG_WARN_OBJC_IMPLICIT_RETAIN_SELF = YES;
				CLANG_WARN_OBJC_LITERAL_CONVERSION = YES;
				CLANG_WARN_OBJC_ROOT_CLASS = YES_ERROR;
				CLANG_WARN_QUOTED_INCLUDE_IN_FRAMEWORK_HEADER = YES;
				CLANG_WARN_RANGE_LOOP_ANALYSIS = YES;
				CLANG_WARN_STRICT_PROTOTYPES = YES;
				CLANG_WARN_SUSPICIOUS_MOVE = YES;
				CLANG_WARN_UNGUARDED_AVAILABILITY = YES_AGGRESSIVE;
				CLANG_WARN_UNREACHABLE_CODE = YES;
				CLANG_WARN__DUPLICATE_METHOD_MATCH = YES;
				COPY_PHASE_STRIP = NO;
				DEBUG_INFORMATION_FORMAT = "dwarf-with-dsym";
				ENABLE_NS_ASSERTIONS = NO;
				ENABLE_STRICT_OBJC_MSGSEND = YES;
				GCC_C_LANGUAGE_STANDARD = gnu11;
				GCC_NO_COMMON_BLOCKS = YES;
				GCC_WARN_64_TO_32_BIT_CONVERSION = YES;
				GCC_WARN_ABOUT_RETURN_TYPE = YES_ERROR;
				GCC_WARN_UNDECLARED_SELECTOR = YES;
				GCC_WARN_UNINITIALIZED_AUTOS = YES_AGGRESSIVE;
				GCC_WARN_UNUSED_FUNCTION = YES;
				GCC_WARN_UNUSED_VARIABLE = YES;
				IPHONEOS_DEPLOYMENT_TARGET = 14.4;
				MTL_ENABLE_DEBUG_INFO = NO;
				MTL_FAST_MATH = YES;
				SDKROOT = iphoneos;
				SWIFT_COMPILATION_MODE = wholemodule;
				SWIFT_OPTIMIZATION_LEVEL = "-O";
				VALIDATE_PRODUCT = YES;
			};
			name = Release;
		};
		0265546526384FF6003C6F64 /* Debug */ = {
			isa = XCBuildConfiguration;
			buildSettings = {
				ASSETCATALOG_COMPILER_APPICON_NAME = AppIcon;
				ASSETCATALOG_COMPILER_GLOBAL_ACCENT_COLOR_NAME = AccentColor;
				CODE_SIGN_STYLE = Automatic;
				DEVELOPMENT_TEAM = 5YBNKRN22U;
				INFOPLIST_FILE = "Swifty Notes/Info.plist";
				LD_RUNPATH_SEARCH_PATHS = (
					"$(inherited)",
					"@executable_path/Frameworks",
				);
				PRODUCT_BUNDLE_IDENTIFIER = "edu.uy.monkey.kyaw.Swifty-Notes";
				PRODUCT_NAME = "$(TARGET_NAME)";
				SWIFT_VERSION = 5.0;
				TARGETED_DEVICE_FAMILY = "1,2";
			};
			name = Debug;
		};
		0265546626384FF6003C6F64 /* Release */ = {
			isa = XCBuildConfiguration;
			buildSettings = {
				ASSETCATALOG_COMPILER_APPICON_NAME = AppIcon;
				ASSETCATALOG_COMPILER_GLOBAL_ACCENT_COLOR_NAME = AccentColor;
				CODE_SIGN_STYLE = Automatic;
				DEVELOPMENT_TEAM = 5YBNKRN22U;
				INFOPLIST_FILE = "Swifty Notes/Info.plist";
				LD_RUNPATH_SEARCH_PATHS = (
					"$(inherited)",
					"@executable_path/Frameworks",
				);
				PRODUCT_BUNDLE_IDENTIFIER = "edu.uy.monkey.kyaw.Swifty-Notes";
				PRODUCT_NAME = "$(TARGET_NAME)";
				SWIFT_VERSION = 5.0;
				TARGETED_DEVICE_FAMILY = "1,2";
			};
			name = Release;
		};
/* End XCBuildConfiguration section */

/* Begin XCConfigurationList section */
		0265544B26384FF2003C6F64 /* Build configuration list for PBXProject "Swifty Notes" */ = {
			isa = XCConfigurationList;
			buildConfigurations = (
				0265546226384FF6003C6F64 /* Debug */,
				0265546326384FF6003C6F64 /* Release */,
			);
			defaultConfigurationIsVisible = 0;
			defaultConfigurationName = Release;
		};
		0265546426384FF6003C6F64 /* Build configuration list for PBXNativeTarget "Swifty Notes" */ = {
			isa = XCConfigurationList;
			buildConfigurations = (
				0265546526384FF6003C6F64 /* Debug */,
				0265546626384FF6003C6F64 /* Release */,
			);
			defaultConfigurationIsVisible = 0;
			defaultConfigurationName = Release;
		};
/* End XCConfigurationList section */
	};
	rootObject = 0265544826384FF2003C6F64 /* Project object */;
}
